PODS:
  - Flutter (1.0.0)
  - receive_sharing_intent (0.0.1):
    - Flutter

DEPENDENCIES:
  - Flutter (from `.symlinks/flutter/ios`)
  - receive_sharing_intent (from `.symlinks/plugins/receive_sharing_intent/ios`)

EXTERNAL SOURCES:
  Flutter:
    :path: ".symlinks/flutter/ios"
  receive_sharing_intent:
    :path: ".symlinks/plugins/receive_sharing_intent/ios"

SPEC CHECKSUMS:
  Flutter: 0e3d915762c693b495b44d77113d4970485de6ec
  receive_sharing_intent: c0d87310754e74c0f9542947e7cbdf3a0335a3b1

PODFILE CHECKSUM: ebd43b443038e611b86ede96e613bd6033c49497

COCOAPODS: 1.9.1
